
Microsoft Visual Studio Solution File, Format Version 12.00
# Visual Studio Version 16
Project("{2150E333-8FDC-42A3-9474-1A3956D46DE8}") = "CMakePredefinedTargets", "CMakePredefinedTargets", "{4BEBE89F-21CC-3818-A082-303CB4E1A4E3}"
EndProject
Project("{2150E333-8FDC-42A3-9474-1A3956D46DE8}") = "GLFW3", "GLFW3", "{DB3F48BD-EED5-343E-8F77-872414922CB3}"
EndProject
Project("{2150E333-8FDC-42A3-9474-1A3956D46DE8}") = "Examples", "GLFW3\Examples", "{A30C4714-A8F9-3C62-9924-9AA900BF6C03}"
EndProject
Project("{2150E333-8FDC-42A3-9474-1A3956D46DE8}") = "Tests", "GLFW3\Tests", "{BCE4EFDC-8321-3E8E-848C-0E7D51CD87B0}"
EndProject
Project("{8BC9CEB8-8B4A-11D0-8D11-00A0C91BC942}") = "ALL_BUILD", "ALL_BUILD.vcxproj", "{FE266A3E-BB57-3347-833F-8CB3FFEF21F1}"
	ProjectSection(ProjectDependencies) = postProject
		{C3C5AC1E-18C1-332F-ACC1-FC39C1102945} = {C3C5AC1E-18C1-332F-ACC1-FC39C1102945}
		{A201A9E3-F24B-3425-BFFC-F2EF5868E349} = {A201A9E3-F24B-3425-BFFC-F2EF5868E349}
		{CC701958-E9BF-39F1-AA89-D4E35B59F90D} = {CC701958-E9BF-39F1-AA89-D4E35B59F90D}
		{289922B1-35F9-32E0-8797-00BE5E6CA5DF} = {289922B1-35F9-32E0-8797-00BE5E6CA5DF}
		{18B0545B-DF1F-3D42-9C3A-FAC129486430} = {18B0545B-DF1F-3D42-9C3A-FAC129486430}
		{F604C6CC-DB36-3A84-A42D-6D00065C074A} = {F604C6CC-DB36-3A84-A42D-6D00065C074A}
		{F5CA1D04-520A-3961-9C3F-DD1D40F1C9FE} = {F5CA1D04-520A-3961-9C3F-DD1D40F1C9FE}
		{586504E5-C674-36D0-823D-ABCBAA94F5C0} = {586504E5-C674-36D0-823D-ABCBAA94F5C0}
		{C76D3392-C7BD-372B-96D4-4E2B859B963E} = {C76D3392-C7BD-372B-96D4-4E2B859B963E}
		{14920F6A-4441-38F2-886D-0B4CB1C265B2} = {14920F6A-4441-38F2-886D-0B4CB1C265B2}
		{9821B610-E05A-3DEB-96B7-36AD8007F361} = {9821B610-E05A-3DEB-96B7-36AD8007F361}
		{F674322D-87DA-347B-B597-7B06F54A807A} = {F674322D-87DA-347B-B597-7B06F54A807A}
		{CA656EC1-8BE7-3FA3-9737-71332811AFA5} = {CA656EC1-8BE7-3FA3-9737-71332811AFA5}
		{C8C70BE3-84FF-330E-8034-43AB1BD86A3B} = {C8C70BE3-84FF-330E-8034-43AB1BD86A3B}
		{D7A357F8-00FD-3745-8E05-FAEE57AB9609} = {D7A357F8-00FD-3745-8E05-FAEE57AB9609}
		{253E0905-6B39-3CD2-8779-F0556E1CFD57} = {253E0905-6B39-3CD2-8779-F0556E1CFD57}
		{984A40FB-8A69-3931-868F-B44271C5FBF6} = {984A40FB-8A69-3931-868F-B44271C5FBF6}
		{A16DC5CD-7F93-37AC-8C32-E340AF9E158B} = {A16DC5CD-7F93-37AC-8C32-E340AF9E158B}
		{18D8647E-2041-36A2-872A-9CDD46FE06CB} = {18D8647E-2041-36A2-872A-9CDD46FE06CB}
		{0A2D71AA-49E1-3291-AD32-CC3DBACA6180} = {0A2D71AA-49E1-3291-AD32-CC3DBACA6180}
		{4B34B27D-D560-3D61-B02C-052DD2C27549} = {4B34B27D-D560-3D61-B02C-052DD2C27549}
		{386DF48B-B57B-3586-A7EB-E8D6265B0FEB} = {386DF48B-B57B-3586-A7EB-E8D6265B0FEB}
		{3C9CF335-FFD1-327F-83A1-0269220E0CC6} = {3C9CF335-FFD1-327F-83A1-0269220E0CC6}
		{5238A355-A997-3F50-9330-FF3710D8304D} = {5238A355-A997-3F50-9330-FF3710D8304D}
		{204CB53E-9C61-3621-BB16-CAA4BCED4310} = {204CB53E-9C61-3621-BB16-CAA4BCED4310}
		{10194C98-1F05-366F-A2CB-D76BDD158A22} = {10194C98-1F05-366F-A2CB-D76BDD158A22}
		{40FD459E-9B43-3F68-B78A-E49ABBA69965} = {40FD459E-9B43-3F68-B78A-E49ABBA69965}
		{2C6FE402-5030-340B-A999-CD5D7D422404} = {2C6FE402-5030-340B-A999-CD5D7D422404}
		{2DDE1D85-52EF-388A-8984-95A292248525} = {2DDE1D85-52EF-388A-8984-95A292248525}
		{72DBD9A4-5BE8-3F96-AEFE-5ABE138CC75D} = {72DBD9A4-5BE8-3F96-AEFE-5ABE138CC75D}
		{978D3728-3B97-3F9D-83C6-4504ABB37D57} = {978D3728-3B97-3F9D-83C6-4504ABB37D57}
	EndProjectSection
EndProject
Project("{8BC9CEB8-8B4A-11D0-8D11-00A0C91BC942}") = "INSTALL", "INSTALL.vcxproj", "{86870F20-160B-3C25-870A-DE07ABF72D6F}"
	ProjectSection(ProjectDependencies) = postProject
		{FE266A3E-BB57-3347-833F-8CB3FFEF21F1} = {FE266A3E-BB57-3347-833F-8CB3FFEF21F1}
		{C3C5AC1E-18C1-332F-ACC1-FC39C1102945} = {C3C5AC1E-18C1-332F-ACC1-FC39C1102945}
	EndProjectSection
EndProject
Project("{8BC9CEB8-8B4A-11D0-8D11-00A0C91BC942}") = "ZERO_CHECK", "ZERO_CHECK.vcxproj", "{C3C5AC1E-18C1-332F-ACC1-FC39C1102945}"
	ProjectSection(ProjectDependencies) = postProject
	EndProjectSection
EndProject
Project("{8BC9CEB8-8B4A-11D0-8D11-00A0C91BC942}") = "boing", "examples\boing.vcxproj", "{A201A9E3-F24B-3425-BFFC-F2EF5868E349}"
	ProjectSection(ProjectDependencies) = postProject
		{C3C5AC1E-18C1-332F-ACC1-FC39C1102945} = {C3C5AC1E-18C1-332F-ACC1-FC39C1102945}
		{C76D3392-C7BD-372B-96D4-4E2B859B963E} = {C76D3392-C7BD-372B-96D4-4E2B859B963E}
	EndProjectSection
EndProject
Project("{8BC9CEB8-8B4A-11D0-8D11-00A0C91BC942}") = "clipboard", "tests\clipboard.vcxproj", "{CC701958-E9BF-39F1-AA89-D4E35B59F90D}"
	ProjectSection(ProjectDependencies) = postProject
		{C3C5AC1E-18C1-332F-ACC1-FC39C1102945} = {C3C5AC1E-18C1-332F-ACC1-FC39C1102945}
		{C76D3392-C7BD-372B-96D4-4E2B859B963E} = {C76D3392-C7BD-372B-96D4-4E2B859B963E}
	EndProjectSection
EndProject
Project("{8BC9CEB8-8B4A-11D0-8D11-00A0C91BC942}") = "cursor", "tests\cursor.vcxproj", "{289922B1-35F9-32E0-8797-00BE5E6CA5DF}"
	ProjectSection(ProjectDependencies) = postProject
		{C3C5AC1E-18C1-332F-ACC1-FC39C1102945} = {C3C5AC1E-18C1-332F-ACC1-FC39C1102945}
		{C76D3392-C7BD-372B-96D4-4E2B859B963E} = {C76D3392-C7BD-372B-96D4-4E2B859B963E}
	EndProjectSection
EndProject
Project("{8BC9CEB8-8B4A-11D0-8D11-00A0C91BC942}") = "empty", "tests\empty.vcxproj", "{18B0545B-DF1F-3D42-9C3A-FAC129486430}"
	ProjectSection(ProjectDependencies) = postProject
		{C3C5AC1E-18C1-332F-ACC1-FC39C1102945} = {C3C5AC1E-18C1-332F-ACC1-FC39C1102945}
		{C76D3392-C7BD-372B-96D4-4E2B859B963E} = {C76D3392-C7BD-372B-96D4-4E2B859B963E}
	EndProjectSection
EndProject
Project("{8BC9CEB8-8B4A-11D0-8D11-00A0C91BC942}") = "events", "tests\events.vcxproj", "{F604C6CC-DB36-3A84-A42D-6D00065C074A}"
	ProjectSection(ProjectDependencies) = postProject
		{C3C5AC1E-18C1-332F-ACC1-FC39C1102945} = {C3C5AC1E-18C1-332F-ACC1-FC39C1102945}
		{C76D3392-C7BD-372B-96D4-4E2B859B963E} = {C76D3392-C7BD-372B-96D4-4E2B859B963E}
	EndProjectSection
EndProject
Project("{8BC9CEB8-8B4A-11D0-8D11-00A0C91BC942}") = "gamma", "tests\gamma.vcxproj", "{F5CA1D04-520A-3961-9C3F-DD1D40F1C9FE}"
	ProjectSection(ProjectDependencies) = postProject
		{C3C5AC1E-18C1-332F-ACC1-FC39C1102945} = {C3C5AC1E-18C1-332F-ACC1-FC39C1102945}
		{C76D3392-C7BD-372B-96D4-4E2B859B963E} = {C76D3392-C7BD-372B-96D4-4E2B859B963E}
	EndProjectSection
EndProject
Project("{8BC9CEB8-8B4A-11D0-8D11-00A0C91BC942}") = "gears", "examples\gears.vcxproj", "{586504E5-C674-36D0-823D-ABCBAA94F5C0}"
	ProjectSection(ProjectDependencies) = postProject
		{C3C5AC1E-18C1-332F-ACC1-FC39C1102945} = {C3C5AC1E-18C1-332F-ACC1-FC39C1102945}
		{C76D3392-C7BD-372B-96D4-4E2B859B963E} = {C76D3392-C7BD-372B-96D4-4E2B859B963E}
	EndProjectSection
EndProject
Project("{8BC9CEB8-8B4A-11D0-8D11-00A0C91BC942}") = "glfw", "src\glfw.vcxproj", "{C76D3392-C7BD-372B-96D4-4E2B859B963E}"
	ProjectSection(ProjectDependencies) = postProject
		{C3C5AC1E-18C1-332F-ACC1-FC39C1102945} = {C3C5AC1E-18C1-332F-ACC1-FC39C1102945}
	EndProjectSection
EndProject
Project("{8BC9CEB8-8B4A-11D0-8D11-00A0C91BC942}") = "glfwinfo", "tests\glfwinfo.vcxproj", "{14920F6A-4441-38F2-886D-0B4CB1C265B2}"
	ProjectSection(ProjectDependencies) = postProject
		{C3C5AC1E-18C1-332F-ACC1-FC39C1102945} = {C3C5AC1E-18C1-332F-ACC1-FC39C1102945}
		{C76D3392-C7BD-372B-96D4-4E2B859B963E} = {C76D3392-C7BD-372B-96D4-4E2B859B963E}
	EndProjectSection
EndProject
Project("{8BC9CEB8-8B4A-11D0-8D11-00A0C91BC942}") = "heightmap", "examples\heightmap.vcxproj", "{9821B610-E05A-3DEB-96B7-36AD8007F361}"
	ProjectSection(ProjectDependencies) = postProject
		{C3C5AC1E-18C1-332F-ACC1-FC39C1102945} = {C3C5AC1E-18C1-332F-ACC1-FC39C1102945}
		{C76D3392-C7BD-372B-96D4-4E2B859B963E} = {C76D3392-C7BD-372B-96D4-4E2B859B963E}
	EndProjectSection
EndProject
Project("{8BC9CEB8-8B4A-11D0-8D11-00A0C91BC942}") = "icon", "tests\icon.vcxproj", "{F674322D-87DA-347B-B597-7B06F54A807A}"
	ProjectSection(ProjectDependencies) = postProject
		{C3C5AC1E-18C1-332F-ACC1-FC39C1102945} = {C3C5AC1E-18C1-332F-ACC1-FC39C1102945}
		{C76D3392-C7BD-372B-96D4-4E2B859B963E} = {C76D3392-C7BD-372B-96D4-4E2B859B963E}
	EndProjectSection
EndProject
Project("{8BC9CEB8-8B4A-11D0-8D11-00A0C91BC942}") = "iconify", "tests\iconify.vcxproj", "{CA656EC1-8BE7-3FA3-9737-71332811AFA5}"
	ProjectSection(ProjectDependencies) = postProject
		{C3C5AC1E-18C1-332F-ACC1-FC39C1102945} = {C3C5AC1E-18C1-332F-ACC1-FC39C1102945}
		{C76D3392-C7BD-372B-96D4-4E2B859B963E} = {C76D3392-C7BD-372B-96D4-4E2B859B963E}
	EndProjectSection
EndProject
Project("{8BC9CEB8-8B4A-11D0-8D11-00A0C91BC942}") = "inputlag", "tests\inputlag.vcxproj", "{C8C70BE3-84FF-330E-8034-43AB1BD86A3B}"
	ProjectSection(ProjectDependencies) = postProject
		{C3C5AC1E-18C1-332F-ACC1-FC39C1102945} = {C3C5AC1E-18C1-332F-ACC1-FC39C1102945}
		{C76D3392-C7BD-372B-96D4-4E2B859B963E} = {C76D3392-C7BD-372B-96D4-4E2B859B963E}
	EndProjectSection
EndProject
Project("{8BC9CEB8-8B4A-11D0-8D11-00A0C91BC942}") = "joysticks", "tests\joysticks.vcxproj", "{D7A357F8-00FD-3745-8E05-FAEE57AB9609}"
	ProjectSection(ProjectDependencies) = postProject
		{C3C5AC1E-18C1-332F-ACC1-FC39C1102945} = {C3C5AC1E-18C1-332F-ACC1-FC39C1102945}
		{C76D3392-C7BD-372B-96D4-4E2B859B963E} = {C76D3392-C7BD-372B-96D4-4E2B859B963E}
	EndProjectSection
EndProject
Project("{8BC9CEB8-8B4A-11D0-8D11-00A0C91BC942}") = "monitors", "tests\monitors.vcxproj", "{253E0905-6B39-3CD2-8779-F0556E1CFD57}"
	ProjectSection(ProjectDependencies) = postProject
		{C3C5AC1E-18C1-332F-ACC1-FC39C1102945} = {C3C5AC1E-18C1-332F-ACC1-FC39C1102945}
		{C76D3392-C7BD-372B-96D4-4E2B859B963E} = {C76D3392-C7BD-372B-96D4-4E2B859B963E}
	EndProjectSection
EndProject
Project("{8BC9CEB8-8B4A-11D0-8D11-00A0C91BC942}") = "msaa", "tests\msaa.vcxproj", "{984A40FB-8A69-3931-868F-B44271C5FBF6}"
	ProjectSection(ProjectDependencies) = postProject
		{C3C5AC1E-18C1-332F-ACC1-FC39C1102945} = {C3C5AC1E-18C1-332F-ACC1-FC39C1102945}
		{C76D3392-C7BD-372B-96D4-4E2B859B963E} = {C76D3392-C7BD-372B-96D4-4E2B859B963E}
	EndProjectSection
EndProject
Project("{8BC9CEB8-8B4A-11D0-8D11-00A0C91BC942}") = "offscreen", "examples\offscreen.vcxproj", "{A16DC5CD-7F93-37AC-8C32-E340AF9E158B}"
	ProjectSection(ProjectDependencies) = postProject
		{C3C5AC1E-18C1-332F-ACC1-FC39C1102945} = {C3C5AC1E-18C1-332F-ACC1-FC39C1102945}
		{C76D3392-C7BD-372B-96D4-4E2B859B963E} = {C76D3392-C7BD-372B-96D4-4E2B859B963E}
	EndProjectSection
EndProject
Project("{8BC9CEB8-8B4A-11D0-8D11-00A0C91BC942}") = "opacity", "tests\opacity.vcxproj", "{18D8647E-2041-36A2-872A-9CDD46FE06CB}"
	ProjectSection(ProjectDependencies) = postProject
		{C3C5AC1E-18C1-332F-ACC1-FC39C1102945} = {C3C5AC1E-18C1-332F-ACC1-FC39C1102945}
		{C76D3392-C7BD-372B-96D4-4E2B859B963E} = {C76D3392-C7BD-372B-96D4-4E2B859B963E}
	EndProjectSection
EndProject
Project("{8BC9CEB8-8B4A-11D0-8D11-00A0C91BC942}") = "particles", "examples\particles.vcxproj", "{0A2D71AA-49E1-3291-AD32-CC3DBACA6180}"
	ProjectSection(ProjectDependencies) = postProject
		{C3C5AC1E-18C1-332F-ACC1-FC39C1102945} = {C3C5AC1E-18C1-332F-ACC1-FC39C1102945}
		{C76D3392-C7BD-372B-96D4-4E2B859B963E} = {C76D3392-C7BD-372B-96D4-4E2B859B963E}
	EndProjectSection
EndProject
Project("{8BC9CEB8-8B4A-11D0-8D11-00A0C91BC942}") = "reopen", "tests\reopen.vcxproj", "{4B34B27D-D560-3D61-B02C-052DD2C27549}"
	ProjectSection(ProjectDependencies) = postProject
		{C3C5AC1E-18C1-332F-ACC1-FC39C1102945} = {C3C5AC1E-18C1-332F-ACC1-FC39C1102945}
		{C76D3392-C7BD-372B-96D4-4E2B859B963E} = {C76D3392-C7BD-372B-96D4-4E2B859B963E}
	EndProjectSection
EndProject
Project("{8BC9CEB8-8B4A-11D0-8D11-00A0C91BC942}") = "sharing", "examples\sharing.vcxproj", "{386DF48B-B57B-3586-A7EB-E8D6265B0FEB}"
	ProjectSection(ProjectDependencies) = postProject
		{C3C5AC1E-18C1-332F-ACC1-FC39C1102945} = {C3C5AC1E-18C1-332F-ACC1-FC39C1102945}
		{C76D3392-C7BD-372B-96D4-4E2B859B963E} = {C76D3392-C7BD-372B-96D4-4E2B859B963E}
	EndProjectSection
EndProject
Project("{8BC9CEB8-8B4A-11D0-8D11-00A0C91BC942}") = "simple", "examples\simple.vcxproj", "{3C9CF335-FFD1-327F-83A1-0269220E0CC6}"
	ProjectSection(ProjectDependencies) = postProject
		{C3C5AC1E-18C1-332F-ACC1-FC39C1102945} = {C3C5AC1E-18C1-332F-ACC1-FC39C1102945}
		{C76D3392-C7BD-372B-96D4-4E2B859B963E} = {C76D3392-C7BD-372B-96D4-4E2B859B963E}
	EndProjectSection
EndProject
Project("{8BC9CEB8-8B4A-11D0-8D11-00A0C91BC942}") = "splitview", "examples\splitview.vcxproj", "{5238A355-A997-3F50-9330-FF3710D8304D}"
	ProjectSection(ProjectDependencies) = postProject
		{C3C5AC1E-18C1-332F-ACC1-FC39C1102945} = {C3C5AC1E-18C1-332F-ACC1-FC39C1102945}
		{C76D3392-C7BD-372B-96D4-4E2B859B963E} = {C76D3392-C7BD-372B-96D4-4E2B859B963E}
	EndProjectSection
EndProject
Project("{8BC9CEB8-8B4A-11D0-8D11-00A0C91BC942}") = "tearing", "tests\tearing.vcxproj", "{204CB53E-9C61-3621-BB16-CAA4BCED4310}"
	ProjectSection(ProjectDependencies) = postProject
		{C3C5AC1E-18C1-332F-ACC1-FC39C1102945} = {C3C5AC1E-18C1-332F-ACC1-FC39C1102945}
		{C76D3392-C7BD-372B-96D4-4E2B859B963E} = {C76D3392-C7BD-372B-96D4-4E2B859B963E}
	EndProjectSection
EndProject
Project("{8BC9CEB8-8B4A-11D0-8D11-00A0C91BC942}") = "threads", "tests\threads.vcxproj", "{10194C98-1F05-366F-A2CB-D76BDD158A22}"
	ProjectSection(ProjectDependencies) = postProject
		{C3C5AC1E-18C1-332F-ACC1-FC39C1102945} = {C3C5AC1E-18C1-332F-ACC1-FC39C1102945}
		{C76D3392-C7BD-372B-96D4-4E2B859B963E} = {C76D3392-C7BD-372B-96D4-4E2B859B963E}
	EndProjectSection
EndProject
Project("{8BC9CEB8-8B4A-11D0-8D11-00A0C91BC942}") = "timeout", "tests\timeout.vcxproj", "{40FD459E-9B43-3F68-B78A-E49ABBA69965}"
	ProjectSection(ProjectDependencies) = postProject
		{C3C5AC1E-18C1-332F-ACC1-FC39C1102945} = {C3C5AC1E-18C1-332F-ACC1-FC39C1102945}
		{C76D3392-C7BD-372B-96D4-4E2B859B963E} = {C76D3392-C7BD-372B-96D4-4E2B859B963E}
	EndProjectSection
EndProject
Project("{8BC9CEB8-8B4A-11D0-8D11-00A0C91BC942}") = "title", "tests\title.vcxproj", "{2C6FE402-5030-340B-A999-CD5D7D422404}"
	ProjectSection(ProjectDependencies) = postProject
		{C3C5AC1E-18C1-332F-ACC1-FC39C1102945} = {C3C5AC1E-18C1-332F-ACC1-FC39C1102945}
		{C76D3392-C7BD-372B-96D4-4E2B859B963E} = {C76D3392-C7BD-372B-96D4-4E2B859B963E}
	EndProjectSection
EndProject
Project("{8BC9CEB8-8B4A-11D0-8D11-00A0C91BC942}") = "triangle-vulkan", "tests\triangle-vulkan.vcxproj", "{2DDE1D85-52EF-388A-8984-95A292248525}"
	ProjectSection(ProjectDependencies) = postProject
		{C3C5AC1E-18C1-332F-ACC1-FC39C1102945} = {C3C5AC1E-18C1-332F-ACC1-FC39C1102945}
		{C76D3392-C7BD-372B-96D4-4E2B859B963E} = {C76D3392-C7BD-372B-96D4-4E2B859B963E}
	EndProjectSection
EndProject
Project("{8BC9CEB8-8B4A-11D0-8D11-00A0C91BC942}") = "uninstall", "uninstall.vcxproj", "{51EB234E-E2DF-38E6-BFE9-5A35BF994CC1}"
	ProjectSection(ProjectDependencies) = postProject
		{C3C5AC1E-18C1-332F-ACC1-FC39C1102945} = {C3C5AC1E-18C1-332F-ACC1-FC39C1102945}
	EndProjectSection
EndProject
Project("{8BC9CEB8-8B4A-11D0-8D11-00A0C91BC942}") = "wave", "examples\wave.vcxproj", "{72DBD9A4-5BE8-3F96-AEFE-5ABE138CC75D}"
	ProjectSection(ProjectDependencies) = postProject
		{C3C5AC1E-18C1-332F-ACC1-FC39C1102945} = {C3C5AC1E-18C1-332F-ACC1-FC39C1102945}
		{C76D3392-C7BD-372B-96D4-4E2B859B963E} = {C76D3392-C7BD-372B-96D4-4E2B859B963E}
	EndProjectSection
EndProject
Project("{8BC9CEB8-8B4A-11D0-8D11-00A0C91BC942}") = "windows", "tests\windows.vcxproj", "{978D3728-3B97-3F9D-83C6-4504ABB37D57}"
	ProjectSection(ProjectDependencies) = postProject
		{C3C5AC1E-18C1-332F-ACC1-FC39C1102945} = {C3C5AC1E-18C1-332F-ACC1-FC39C1102945}
		{C76D3392-C7BD-372B-96D4-4E2B859B963E} = {C76D3392-C7BD-372B-96D4-4E2B859B963E}
	EndProjectSection
EndProject
Global
	GlobalSection(SolutionConfigurationPlatforms) = preSolution
		Debug|x64 = Debug|x64
		Release|x64 = Release|x64
		MinSizeRel|x64 = MinSizeRel|x64
		RelWithDebInfo|x64 = RelWithDebInfo|x64
	EndGlobalSection
	GlobalSection(ProjectConfigurationPlatforms) = postSolution
		{FE266A3E-BB57-3347-833F-8CB3FFEF21F1}.Debug|x64.ActiveCfg = Debug|x64
		{FE266A3E-BB57-3347-833F-8CB3FFEF21F1}.Debug|x64.Build.0 = Debug|x64
		{FE266A3E-BB57-3347-833F-8CB3FFEF21F1}.Release|x64.ActiveCfg = Release|x64
		{FE266A3E-BB57-3347-833F-8CB3FFEF21F1}.Release|x64.Build.0 = Release|x64
		{FE266A3E-BB57-3347-833F-8CB3FFEF21F1}.MinSizeRel|x64.ActiveCfg = MinSizeRel|x64
		{FE266A3E-BB57-3347-833F-8CB3FFEF21F1}.MinSizeRel|x64.Build.0 = MinSizeRel|x64
		{FE266A3E-BB57-3347-833F-8CB3FFEF21F1}.RelWithDebInfo|x64.ActiveCfg = RelWithDebInfo|x64
		{FE266A3E-BB57-3347-833F-8CB3FFEF21F1}.RelWithDebInfo|x64.Build.0 = RelWithDebInfo|x64
		{86870F20-160B-3C25-870A-DE07ABF72D6F}.Debug|x64.ActiveCfg = Debug|x64
		{86870F20-160B-3C25-870A-DE07ABF72D6F}.Release|x64.ActiveCfg = Release|x64
		{86870F20-160B-3C25-870A-DE07ABF72D6F}.MinSizeRel|x64.ActiveCfg = MinSizeRel|x64
		{86870F20-160B-3C25-870A-DE07ABF72D6F}.RelWithDebInfo|x64.ActiveCfg = RelWithDebInfo|x64
		{C3C5AC1E-18C1-332F-ACC1-FC39C1102945}.Debug|x64.ActiveCfg = Debug|x64
		{C3C5AC1E-18C1-332F-ACC1-FC39C1102945}.Debug|x64.Build.0 = Debug|x64
		{C3C5AC1E-18C1-332F-ACC1-FC39C1102945}.Release|x64.ActiveCfg = Release|x64
		{C3C5AC1E-18C1-332F-ACC1-FC39C1102945}.Release|x64.Build.0 = Release|x64
		{C3C5AC1E-18C1-332F-ACC1-FC39C1102945}.MinSizeRel|x64.ActiveCfg = MinSizeRel|x64
		{C3C5AC1E-18C1-332F-ACC1-FC39C1102945}.MinSizeRel|x64.Build.0 = MinSizeRel|x64
		{C3C5AC1E-18C1-332F-ACC1-FC39C1102945}.RelWithDebInfo|x64.ActiveCfg = RelWithDebInfo|x64
		{C3C5AC1E-18C1-332F-ACC1-FC39C1102945}.RelWithDebInfo|x64.Build.0 = RelWithDebInfo|x64
		{A201A9E3-F24B-3425-BFFC-F2EF5868E349}.Debug|x64.ActiveCfg = Debug|x64
		{A201A9E3-F24B-3425-BFFC-F2EF5868E349}.Debug|x64.Build.0 = Debug|x64
		{A201A9E3-F24B-3425-BFFC-F2EF5868E349}.Release|x64.ActiveCfg = Release|x64
		{A201A9E3-F24B-3425-BFFC-F2EF5868E349}.Release|x64.Build.0 = Release|x64
		{A201A9E3-F24B-3425-BFFC-F2EF5868E349}.MinSizeRel|x64.ActiveCfg = MinSizeRel|x64
		{A201A9E3-F24B-3425-BFFC-F2EF5868E349}.MinSizeRel|x64.Build.0 = MinSizeRel|x64
		{A201A9E3-F24B-3425-BFFC-F2EF5868E349}.RelWithDebInfo|x64.ActiveCfg = RelWithDebInfo|x64
		{A201A9E3-F24B-3425-BFFC-F2EF5868E349}.RelWithDebInfo|x64.Build.0 = RelWithDebInfo|x64
		{CC701958-E9BF-39F1-AA89-D4E35B59F90D}.Debug|x64.ActiveCfg = Debug|x64
		{CC701958-E9BF-39F1-AA89-D4E35B59F90D}.Debug|x64.Build.0 = Debug|x64
		{CC701958-E9BF-39F1-AA89-D4E35B59F90D}.Release|x64.ActiveCfg = Release|x64
		{CC701958-E9BF-39F1-AA89-D4E35B59F90D}.Release|x64.Build.0 = Release|x64
		{CC701958-E9BF-39F1-AA89-D4E35B59F90D}.MinSizeRel|x64.ActiveCfg = MinSizeRel|x64
		{CC701958-E9BF-39F1-AA89-D4E35B59F90D}.MinSizeRel|x64.Build.0 = MinSizeRel|x64
		{CC701958-E9BF-39F1-AA89-D4E35B59F90D}.RelWithDebInfo|x64.ActiveCfg = RelWithDebInfo|x64
		{CC701958-E9BF-39F1-AA89-D4E35B59F90D}.RelWithDebInfo|x64.Build.0 = RelWithDebInfo|x64
		{289922B1-35F9-32E0-8797-00BE5E6CA5DF}.Debug|x64.ActiveCfg = Debug|x64
		{289922B1-35F9-32E0-8797-00BE5E6CA5DF}.Debug|x64.Build.0 = Debug|x64
		{289922B1-35F9-32E0-8797-00BE5E6CA5DF}.Release|x64.ActiveCfg = Release|x64
		{289922B1-35F9-32E0-8797-00BE5E6CA5DF}.Release|x64.Build.0 = Release|x64
		{289922B1-35F9-32E0-8797-00BE5E6CA5DF}.MinSizeRel|x64.ActiveCfg = MinSizeRel|x64
		{289922B1-35F9-32E0-8797-00BE5E6CA5DF}.MinSizeRel|x64.Build.0 = MinSizeRel|x64
		{289922B1-35F9-32E0-8797-00BE5E6CA5DF}.RelWithDebInfo|x64.ActiveCfg = RelWithDebInfo|x64
		{289922B1-35F9-32E0-8797-00BE5E6CA5DF}.RelWithDebInfo|x64.Build.0 = RelWithDebInfo|x64
		{18B0545B-DF1F-3D42-9C3A-FAC129486430}.Debug|x64.ActiveCfg = Debug|x64
		{18B0545B-DF1F-3D42-9C3A-FAC129486430}.Debug|x64.Build.0 = Debug|x64
		{18B0545B-DF1F-3D42-9C3A-FAC129486430}.Release|x64.ActiveCfg = Release|x64
		{18B0545B-DF1F-3D42-9C3A-FAC129486430}.Release|x64.Build.0 = Release|x64
		{18B0545B-DF1F-3D42-9C3A-FAC129486430}.MinSizeRel|x64.ActiveCfg = MinSizeRel|x64
		{18B0545B-DF1F-3D42-9C3A-FAC129486430}.MinSizeRel|x64.Build.0 = MinSizeRel|x64
		{18B0545B-DF1F-3D42-9C3A-FAC129486430}.RelWithDebInfo|x64.ActiveCfg = RelWithDebInfo|x64
		{18B0545B-DF1F-3D42-9C3A-FAC129486430}.RelWithDebInfo|x64.Build.0 = RelWithDebInfo|x64
		{F604C6CC-DB36-3A84-A42D-6D00065C074A}.Debug|x64.ActiveCfg = Debug|x64
		{F604C6CC-DB36-3A84-A42D-6D00065C074A}.Debug|x64.Build.0 = Debug|x64
		{F604C6CC-DB36-3A84-A42D-6D00065C074A}.Release|x64.ActiveCfg = Release|x64
		{F604C6CC-DB36-3A84-A42D-6D00065C074A}.Release|x64.Build.0 = Release|x64
		{F604C6CC-DB36-3A84-A42D-6D00065C074A}.MinSizeRel|x64.ActiveCfg = MinSizeRel|x64
		{F604C6CC-DB36-3A84-A42D-6D00065C074A}.MinSizeRel|x64.Build.0 = MinSizeRel|x64
		{F604C6CC-DB36-3A84-A42D-6D00065C074A}.RelWithDebInfo|x64.ActiveCfg = RelWithDebInfo|x64
		{F604C6CC-DB36-3A84-A42D-6D00065C074A}.RelWithDebInfo|x64.Build.0 = RelWithDebInfo|x64
		{F5CA1D04-520A-3961-9C3F-DD1D40F1C9FE}.Debug|x64.ActiveCfg = Debug|x64
		{F5CA1D04-520A-3961-9C3F-DD1D40F1C9FE}.Debug|x64.Build.0 = Debug|x64
		{F5CA1D04-520A-3961-9C3F-DD1D40F1C9FE}.Release|x64.ActiveCfg = Release|x64
		{F5CA1D04-520A-3961-9C3F-DD1D40F1C9FE}.Release|x64.Build.0 = Release|x64
		{F5CA1D04-520A-3961-9C3F-DD1D40F1C9FE}.MinSizeRel|x64.ActiveCfg = MinSizeRel|x64
		{F5CA1D04-520A-3961-9C3F-DD1D40F1C9FE}.MinSizeRel|x64.Build.0 = MinSizeRel|x64
		{F5CA1D04-520A-3961-9C3F-DD1D40F1C9FE}.RelWithDebInfo|x64.ActiveCfg = RelWithDebInfo|x64
		{F5CA1D04-520A-3961-9C3F-DD1D40F1C9FE}.RelWithDebInfo|x64.Build.0 = RelWithDebInfo|x64
		{586504E5-C674-36D0-823D-ABCBAA94F5C0}.Debug|x64.ActiveCfg = Debug|x64
		{586504E5-C674-36D0-823D-ABCBAA94F5C0}.Debug|x64.Build.0 = Debug|x64
		{586504E5-C674-36D0-823D-ABCBAA94F5C0}.Release|x64.ActiveCfg = Release|x64
		{586504E5-C674-36D0-823D-ABCBAA94F5C0}.Release|x64.Build.0 = Release|x64
		{586504E5-C674-36D0-823D-ABCBAA94F5C0}.MinSizeRel|x64.ActiveCfg = MinSizeRel|x64
		{586504E5-C674-36D0-823D-ABCBAA94F5C0}.MinSizeRel|x64.Build.0 = MinSizeRel|x64
		{586504E5-C674-36D0-823D-ABCBAA94F5C0}.RelWithDebInfo|x64.ActiveCfg = RelWithDebInfo|x64
		{586504E5-C674-36D0-823D-ABCBAA94F5C0}.RelWithDebInfo|x64.Build.0 = RelWithDebInfo|x64
		{C76D3392-C7BD-372B-96D4-4E2B859B963E}.Debug|x64.ActiveCfg = Debug|x64
		{C76D3392-C7BD-372B-96D4-4E2B859B963E}.Debug|x64.Build.0 = Debug|x64
		{C76D3392-C7BD-372B-96D4-4E2B859B963E}.Release|x64.ActiveCfg = Release|x64
		{C76D3392-C7BD-372B-96D4-4E2B859B963E}.Release|x64.Build.0 = Release|x64
		{C76D3392-C7BD-372B-96D4-4E2B859B963E}.MinSizeRel|x64.ActiveCfg = MinSizeRel|x64
		{C76D3392-C7BD-372B-96D4-4E2B859B963E}.MinSizeRel|x64.Build.0 = MinSizeRel|x64
		{C76D3392-C7BD-372B-96D4-4E2B859B963E}.RelWithDebInfo|x64.ActiveCfg = RelWithDebInfo|x64
		{C76D3392-C7BD-372B-96D4-4E2B859B963E}.RelWithDebInfo|x64.Build.0 = RelWithDebInfo|x64
		{14920F6A-4441-38F2-886D-0B4CB1C265B2}.Debug|x64.ActiveCfg = Debug|x64
		{14920F6A-4441-38F2-886D-0B4CB1C265B2}.Debug|x64.Build.0 = Debug|x64
		{14920F6A-4441-38F2-886D-0B4CB1C265B2}.Release|x64.ActiveCfg = Release|x64
		{14920F6A-4441-38F2-886D-0B4CB1C265B2}.Release|x64.Build.0 = Release|x64
		{14920F6A-4441-38F2-886D-0B4CB1C265B2}.MinSizeRel|x64.ActiveCfg = MinSizeRel|x64
		{14920F6A-4441-38F2-886D-0B4CB1C265B2}.MinSizeRel|x64.Build.0 = MinSizeRel|x64
		{14920F6A-4441-38F2-886D-0B4CB1C265B2}.RelWithDebInfo|x64.ActiveCfg = RelWithDebInfo|x64
		{14920F6A-4441-38F2-886D-0B4CB1C265B2}.RelWithDebInfo|x64.Build.0 = RelWithDebInfo|x64
		{9821B610-E05A-3DEB-96B7-36AD8007F361}.Debug|x64.ActiveCfg = Debug|x64
		{9821B610-E05A-3DEB-96B7-36AD8007F361}.Debug|x64.Build.0 = Debug|x64
		{9821B610-E05A-3DEB-96B7-36AD8007F361}.Release|x64.ActiveCfg = Release|x64
		{9821B610-E05A-3DEB-96B7-36AD8007F361}.Release|x64.Build.0 = Release|x64
		{9821B610-E05A-3DEB-96B7-36AD8007F361}.MinSizeRel|x64.ActiveCfg = MinSizeRel|x64
		{9821B610-E05A-3DEB-96B7-36AD8007F361}.MinSizeRel|x64.Build.0 = MinSizeRel|x64
		{9821B610-E05A-3DEB-96B7-36AD8007F361}.RelWithDebInfo|x64.ActiveCfg = RelWithDebInfo|x64
		{9821B610-E05A-3DEB-96B7-36AD8007F361}.RelWithDebInfo|x64.Build.0 = RelWithDebInfo|x64
		{F674322D-87DA-347B-B597-7B06F54A807A}.Debug|x64.ActiveCfg = Debug|x64
		{F674322D-87DA-347B-B597-7B06F54A807A}.Debug|x64.Build.0 = Debug|x64
		{F674322D-87DA-347B-B597-7B06F54A807A}.Release|x64.ActiveCfg = Release|x64
		{F674322D-87DA-347B-B597-7B06F54A807A}.Release|x64.Build.0 = Release|x64
		{F674322D-87DA-347B-B597-7B06F54A807A}.MinSizeRel|x64.ActiveCfg = MinSizeRel|x64
		{F674322D-87DA-347B-B597-7B06F54A807A}.MinSizeRel|x64.Build.0 = MinSizeRel|x64
		{F674322D-87DA-347B-B597-7B06F54A807A}.RelWithDebInfo|x64.ActiveCfg = RelWithDebInfo|x64
		{F674322D-87DA-347B-B597-7B06F54A807A}.RelWithDebInfo|x64.Build.0 = RelWithDebInfo|x64
		{CA656EC1-8BE7-3FA3-9737-71332811AFA5}.Debug|x64.ActiveCfg = Debug|x64
		{CA656EC1-8BE7-3FA3-9737-71332811AFA5}.Debug|x64.Build.0 = Debug|x64
		{CA656EC1-8BE7-3FA3-9737-71332811AFA5}.Release|x64.ActiveCfg = Release|x64
		{CA656EC1-8BE7-3FA3-9737-71332811AFA5}.Release|x64.Build.0 = Release|x64
		{CA656EC1-8BE7-3FA3-9737-71332811AFA5}.MinSizeRel|x64.ActiveCfg = MinSizeRel|x64
		{CA656EC1-8BE7-3FA3-9737-71332811AFA5}.MinSizeRel|x64.Build.0 = MinSizeRel|x64
		{CA656EC1-8BE7-3FA3-9737-71332811AFA5}.RelWithDebInfo|x64.ActiveCfg = RelWithDebInfo|x64
		{CA656EC1-8BE7-3FA3-9737-71332811AFA5}.RelWithDebInfo|x64.Build.0 = RelWithDebInfo|x64
		{C8C70BE3-84FF-330E-8034-43AB1BD86A3B}.Debug|x64.ActiveCfg = Debug|x64
		{C8C70BE3-84FF-330E-8034-43AB1BD86A3B}.Debug|x64.Build.0 = Debug|x64
		{C8C70BE3-84FF-330E-8034-43AB1BD86A3B}.Release|x64.ActiveCfg = Release|x64
		{C8C70BE3-84FF-330E-8034-43AB1BD86A3B}.Release|x64.Build.0 = Release|x64
		{C8C70BE3-84FF-330E-8034-43AB1BD86A3B}.MinSizeRel|x64.ActiveCfg = MinSizeRel|x64
		{C8C70BE3-84FF-330E-8034-43AB1BD86A3B}.MinSizeRel|x64.Build.0 = MinSizeRel|x64
		{C8C70BE3-84FF-330E-8034-43AB1BD86A3B}.RelWithDebInfo|x64.ActiveCfg = RelWithDebInfo|x64
		{C8C70BE3-84FF-330E-8034-43AB1BD86A3B}.RelWithDebInfo|x64.Build.0 = RelWithDebInfo|x64
		{D7A357F8-00FD-3745-8E05-FAEE57AB9609}.Debug|x64.ActiveCfg = Debug|x64
		{D7A357F8-00FD-3745-8E05-FAEE57AB9609}.Debug|x64.Build.0 = Debug|x64
		{D7A357F8-00FD-3745-8E05-FAEE57AB9609}.Release|x64.ActiveCfg = Release|x64
		{D7A357F8-00FD-3745-8E05-FAEE57AB9609}.Release|x64.Build.0 = Release|x64
		{D7A357F8-00FD-3745-8E05-FAEE57AB9609}.MinSizeRel|x64.ActiveCfg = MinSizeRel|x64
		{D7A357F8-00FD-3745-8E05-FAEE57AB9609}.MinSizeRel|x64.Build.0 = MinSizeRel|x64
		{D7A357F8-00FD-3745-8E05-FAEE57AB9609}.RelWithDebInfo|x64.ActiveCfg = RelWithDebInfo|x64
		{D7A357F8-00FD-3745-8E05-FAEE57AB9609}.RelWithDebInfo|x64.Build.0 = RelWithDebInfo|x64
		{253E0905-6B39-3CD2-8779-F0556E1CFD57}.Debug|x64.ActiveCfg = Debug|x64
		{253E0905-6B39-3CD2-8779-F0556E1CFD57}.Debug|x64.Build.0 = Debug|x64
		{253E0905-6B39-3CD2-8779-F0556E1CFD57}.Release|x64.ActiveCfg = Release|x64
		{253E0905-6B39-3CD2-8779-F0556E1CFD57}.Release|x64.Build.0 = Release|x64
		{253E0905-6B39-3CD2-8779-F0556E1CFD57}.MinSizeRel|x64.ActiveCfg = MinSizeRel|x64
		{253E0905-6B39-3CD2-8779-F0556E1CFD57}.MinSizeRel|x64.Build.0 = MinSizeRel|x64
		{253E0905-6B39-3CD2-8779-F0556E1CFD57}.RelWithDebInfo|x64.ActiveCfg = RelWithDebInfo|x64
		{253E0905-6B39-3CD2-8779-F0556E1CFD57}.RelWithDebInfo|x64.Build.0 = RelWithDebInfo|x64
		{984A40FB-8A69-3931-868F-B44271C5FBF6}.Debug|x64.ActiveCfg = Debug|x64
		{984A40FB-8A69-3931-868F-B44271C5FBF6}.Debug|x64.Build.0 = Debug|x64
		{984A40FB-8A69-3931-868F-B44271C5FBF6}.Release|x64.ActiveCfg = Release|x64
		{984A40FB-8A69-3931-868F-B44271C5FBF6}.Release|x64.Build.0 = Release|x64
		{984A40FB-8A69-3931-868F-B44271C5FBF6}.MinSizeRel|x64.ActiveCfg = MinSizeRel|x64
		{984A40FB-8A69-3931-868F-B44271C5FBF6}.MinSizeRel|x64.Build.0 = MinSizeRel|x64
		{984A40FB-8A69-3931-868F-B44271C5FBF6}.RelWithDebInfo|x64.ActiveCfg = RelWithDebInfo|x64
		{984A40FB-8A69-3931-868F-B44271C5FBF6}.RelWithDebInfo|x64.Build.0 = RelWithDebInfo|x64
		{A16DC5CD-7F93-37AC-8C32-E340AF9E158B}.Debug|x64.ActiveCfg = Debug|x64
		{A16DC5CD-7F93-37AC-8C32-E340AF9E158B}.Debug|x64.Build.0 = Debug|x64
		{A16DC5CD-7F93-37AC-8C32-E340AF9E158B}.Release|x64.ActiveCfg = Release|x64
		{A16DC5CD-7F93-37AC-8C32-E340AF9E158B}.Release|x64.Build.0 = Release|x64
		{A16DC5CD-7F93-37AC-8C32-E340AF9E158B}.MinSizeRel|x64.ActiveCfg = MinSizeRel|x64
		{A16DC5CD-7F93-37AC-8C32-E340AF9E158B}.MinSizeRel|x64.Build.0 = MinSizeRel|x64
		{A16DC5CD-7F93-37AC-8C32-E340AF9E158B}.RelWithDebInfo|x64.ActiveCfg = RelWithDebInfo|x64
		{A16DC5CD-7F93-37AC-8C32-E340AF9E158B}.RelWithDebInfo|x64.Build.0 = RelWithDebInfo|x64
		{18D8647E-2041-36A2-872A-9CDD46FE06CB}.Debug|x64.ActiveCfg = Debug|x64
		{18D8647E-2041-36A2-872A-9CDD46FE06CB}.Debug|x64.Build.0 = Debug|x64
		{18D8647E-2041-36A2-872A-9CDD46FE06CB}.Release|x64.ActiveCfg = Release|x64
		{18D8647E-2041-36A2-872A-9CDD46FE06CB}.Release|x64.Build.0 = Release|x64
		{18D8647E-2041-36A2-872A-9CDD46FE06CB}.MinSizeRel|x64.ActiveCfg = MinSizeRel|x64
		{18D8647E-2041-36A2-872A-9CDD46FE06CB}.MinSizeRel|x64.Build.0 = MinSizeRel|x64
		{18D8647E-2041-36A2-872A-9CDD46FE06CB}.RelWithDebInfo|x64.ActiveCfg = RelWithDebInfo|x64
		{18D8647E-2041-36A2-872A-9CDD46FE06CB}.RelWithDebInfo|x64.Build.0 = RelWithDebInfo|x64
		{0A2D71AA-49E1-3291-AD32-CC3DBACA6180}.Debug|x64.ActiveCfg = Debug|x64
		{0A2D71AA-49E1-3291-AD32-CC3DBACA6180}.Debug|x64.Build.0 = Debug|x64
		{0A2D71AA-49E1-3291-AD32-CC3DBACA6180}.Release|x64.ActiveCfg = Release|x64
		{0A2D71AA-49E1-3291-AD32-CC3DBACA6180}.Release|x64.Build.0 = Release|x64
		{0A2D71AA-49E1-3291-AD32-CC3DBACA6180}.MinSizeRel|x64.ActiveCfg = MinSizeRel|x64
		{0A2D71AA-49E1-3291-AD32-CC3DBACA6180}.MinSizeRel|x64.Build.0 = MinSizeRel|x64
		{0A2D71AA-49E1-3291-AD32-CC3DBACA6180}.RelWithDebInfo|x64.ActiveCfg = RelWithDebInfo|x64
		{0A2D71AA-49E1-3291-AD32-CC3DBACA6180}.RelWithDebInfo|x64.Build.0 = RelWithDebInfo|x64
		{4B34B27D-D560-3D61-B02C-052DD2C27549}.Debug|x64.ActiveCfg = Debug|x64
		{4B34B27D-D560-3D61-B02C-052DD2C27549}.Debug|x64.Build.0 = Debug|x64
		{4B34B27D-D560-3D61-B02C-052DD2C27549}.Release|x64.ActiveCfg = Release|x64
		{4B34B27D-D560-3D61-B02C-052DD2C27549}.Release|x64.Build.0 = Release|x64
		{4B34B27D-D560-3D61-B02C-052DD2C27549}.MinSizeRel|x64.ActiveCfg = MinSizeRel|x64
		{4B34B27D-D560-3D61-B02C-052DD2C27549}.MinSizeRel|x64.Build.0 = MinSizeRel|x64
		{4B34B27D-D560-3D61-B02C-052DD2C27549}.RelWithDebInfo|x64.ActiveCfg = RelWithDebInfo|x64
		{4B34B27D-D560-3D61-B02C-052DD2C27549}.RelWithDebInfo|x64.Build.0 = RelWithDebInfo|x64
		{386DF48B-B57B-3586-A7EB-E8D6265B0FEB}.Debug|x64.ActiveCfg = Debug|x64
		{386DF48B-B57B-3586-A7EB-E8D6265B0FEB}.Debug|x64.Build.0 = Debug|x64
		{386DF48B-B57B-3586-A7EB-E8D6265B0FEB}.Release|x64.ActiveCfg = Release|x64
		{386DF48B-B57B-3586-A7EB-E8D6265B0FEB}.Release|x64.Build.0 = Release|x64
		{386DF48B-B57B-3586-A7EB-E8D6265B0FEB}.MinSizeRel|x64.ActiveCfg = MinSizeRel|x64
		{386DF48B-B57B-3586-A7EB-E8D6265B0FEB}.MinSizeRel|x64.Build.0 = MinSizeRel|x64
		{386DF48B-B57B-3586-A7EB-E8D6265B0FEB}.RelWithDebInfo|x64.ActiveCfg = RelWithDebInfo|x64
		{386DF48B-B57B-3586-A7EB-E8D6265B0FEB}.RelWithDebInfo|x64.Build.0 = RelWithDebInfo|x64
		{3C9CF335-FFD1-327F-83A1-0269220E0CC6}.Debug|x64.ActiveCfg = Debug|x64
		{3C9CF335-FFD1-327F-83A1-0269220E0CC6}.Debug|x64.Build.0 = Debug|x64
		{3C9CF335-FFD1-327F-83A1-0269220E0CC6}.Release|x64.ActiveCfg = Release|x64
		{3C9CF335-FFD1-327F-83A1-0269220E0CC6}.Release|x64.Build.0 = Release|x64
		{3C9CF335-FFD1-327F-83A1-0269220E0CC6}.MinSizeRel|x64.ActiveCfg = MinSizeRel|x64
		{3C9CF335-FFD1-327F-83A1-0269220E0CC6}.MinSizeRel|x64.Build.0 = MinSizeRel|x64
		{3C9CF335-FFD1-327F-83A1-0269220E0CC6}.RelWithDebInfo|x64.ActiveCfg = RelWithDebInfo|x64
		{3C9CF335-FFD1-327F-83A1-0269220E0CC6}.RelWithDebInfo|x64.Build.0 = RelWithDebInfo|x64
		{5238A355-A997-3F50-9330-FF3710D8304D}.Debug|x64.ActiveCfg = Debug|x64
		{5238A355-A997-3F50-9330-FF3710D8304D}.Debug|x64.Build.0 = Debug|x64
		{5238A355-A997-3F50-9330-FF3710D8304D}.Release|x64.ActiveCfg = Release|x64
		{5238A355-A997-3F50-9330-FF3710D8304D}.Release|x64.Build.0 = Release|x64
		{5238A355-A997-3F50-9330-FF3710D8304D}.MinSizeRel|x64.ActiveCfg = MinSizeRel|x64
		{5238A355-A997-3F50-9330-FF3710D8304D}.MinSizeRel|x64.Build.0 = MinSizeRel|x64
		{5238A355-A997-3F50-9330-FF3710D8304D}.RelWithDebInfo|x64.ActiveCfg = RelWithDebInfo|x64
		{5238A355-A997-3F50-9330-FF3710D8304D}.RelWithDebInfo|x64.Build.0 = RelWithDebInfo|x64
		{204CB53E-9C61-3621-BB16-CAA4BCED4310}.Debug|x64.ActiveCfg = Debug|x64
		{204CB53E-9C61-3621-BB16-CAA4BCED4310}.Debug|x64.Build.0 = Debug|x64
		{204CB53E-9C61-3621-BB16-CAA4BCED4310}.Release|x64.ActiveCfg = Release|x64
		{204CB53E-9C61-3621-BB16-CAA4BCED4310}.Release|x64.Build.0 = Release|x64
		{204CB53E-9C61-3621-BB16-CAA4BCED4310}.MinSizeRel|x64.ActiveCfg = MinSizeRel|x64
		{204CB53E-9C61-3621-BB16-CAA4BCED4310}.MinSizeRel|x64.Build.0 = MinSizeRel|x64
		{204CB53E-9C61-3621-BB16-CAA4BCED4310}.RelWithDebInfo|x64.ActiveCfg = RelWithDebInfo|x64
		{204CB53E-9C61-3621-BB16-CAA4BCED4310}.RelWithDebInfo|x64.Build.0 = RelWithDebInfo|x64
		{10194C98-1F05-366F-A2CB-D76BDD158A22}.Debug|x64.ActiveCfg = Debug|x64
		{10194C98-1F05-366F-A2CB-D76BDD158A22}.Debug|x64.Build.0 = Debug|x64
		{10194C98-1F05-366F-A2CB-D76BDD158A22}.Release|x64.ActiveCfg = Release|x64
		{10194C98-1F05-366F-A2CB-D76BDD158A22}.Release|x64.Build.0 = Release|x64
		{10194C98-1F05-366F-A2CB-D76BDD158A22}.MinSizeRel|x64.ActiveCfg = MinSizeRel|x64
		{10194C98-1F05-366F-A2CB-D76BDD158A22}.MinSizeRel|x64.Build.0 = MinSizeRel|x64
		{10194C98-1F05-366F-A2CB-D76BDD158A22}.RelWithDebInfo|x64.ActiveCfg = RelWithDebInfo|x64
		{10194C98-1F05-366F-A2CB-D76BDD158A22}.RelWithDebInfo|x64.Build.0 = RelWithDebInfo|x64
		{40FD459E-9B43-3F68-B78A-E49ABBA69965}.Debug|x64.ActiveCfg = Debug|x64
		{40FD459E-9B43-3F68-B78A-E49ABBA69965}.Debug|x64.Build.0 = Debug|x64
		{40FD459E-9B43-3F68-B78A-E49ABBA69965}.Release|x64.ActiveCfg = Release|x64
		{40FD459E-9B43-3F68-B78A-E49ABBA69965}.Release|x64.Build.0 = Release|x64
		{40FD459E-9B43-3F68-B78A-E49ABBA69965}.MinSizeRel|x64.ActiveCfg = MinSizeRel|x64
		{40FD459E-9B43-3F68-B78A-E49ABBA69965}.MinSizeRel|x64.Build.0 = MinSizeRel|x64
		{40FD459E-9B43-3F68-B78A-E49ABBA69965}.RelWithDebInfo|x64.ActiveCfg = RelWithDebInfo|x64
		{40FD459E-9B43-3F68-B78A-E49ABBA69965}.RelWithDebInfo|x64.Build.0 = RelWithDebInfo|x64
		{2C6FE402-5030-340B-A999-CD5D7D422404}.Debug|x64.ActiveCfg = Debug|x64
		{2C6FE402-5030-340B-A999-CD5D7D422404}.Debug|x64.Build.0 = Debug|x64
		{2C6FE402-5030-340B-A999-CD5D7D422404}.Release|x64.ActiveCfg = Release|x64
		{2C6FE402-5030-340B-A999-CD5D7D422404}.Release|x64.Build.0 = Release|x64
		{2C6FE402-5030-340B-A999-CD5D7D422404}.MinSizeRel|x64.ActiveCfg = MinSizeRel|x64
		{2C6FE402-5030-340B-A999-CD5D7D422404}.MinSizeRel|x64.Build.0 = MinSizeRel|x64
		{2C6FE402-5030-340B-A999-CD5D7D422404}.RelWithDebInfo|x64.ActiveCfg = RelWithDebInfo|x64
		{2C6FE402-5030-340B-A999-CD5D7D422404}.RelWithDebInfo|x64.Build.0 = RelWithDebInfo|x64
		{2DDE1D85-52EF-388A-8984-95A292248525}.Debug|x64.ActiveCfg = Debug|x64
		{2DDE1D85-52EF-388A-8984-95A292248525}.Debug|x64.Build.0 = Debug|x64
		{2DDE1D85-52EF-388A-8984-95A292248525}.Release|x64.ActiveCfg = Release|x64
		{2DDE1D85-52EF-388A-8984-95A292248525}.Release|x64.Build.0 = Release|x64
		{2DDE1D85-52EF-388A-8984-95A292248525}.MinSizeRel|x64.ActiveCfg = MinSizeRel|x64
		{2DDE1D85-52EF-388A-8984-95A292248525}.MinSizeRel|x64.Build.0 = MinSizeRel|x64
		{2DDE1D85-52EF-388A-8984-95A292248525}.RelWithDebInfo|x64.ActiveCfg = RelWithDebInfo|x64
		{2DDE1D85-52EF-388A-8984-95A292248525}.RelWithDebInfo|x64.Build.0 = RelWithDebInfo|x64
		{51EB234E-E2DF-38E6-BFE9-5A35BF994CC1}.Debug|x64.ActiveCfg = Debug|x64
		{51EB234E-E2DF-38E6-BFE9-5A35BF994CC1}.Release|x64.ActiveCfg = Release|x64
		{51EB234E-E2DF-38E6-BFE9-5A35BF994CC1}.MinSizeRel|x64.ActiveCfg = MinSizeRel|x64
		{51EB234E-E2DF-38E6-BFE9-5A35BF994CC1}.RelWithDebInfo|x64.ActiveCfg = RelWithDebInfo|x64
		{72DBD9A4-5BE8-3F96-AEFE-5ABE138CC75D}.Debug|x64.ActiveCfg = Debug|x64
		{72DBD9A4-5BE8-3F96-AEFE-5ABE138CC75D}.Debug|x64.Build.0 = Debug|x64
		{72DBD9A4-5BE8-3F96-AEFE-5ABE138CC75D}.Release|x64.ActiveCfg = Release|x64
		{72DBD9A4-5BE8-3F96-AEFE-5ABE138CC75D}.Release|x64.Build.0 = Release|x64
		{72DBD9A4-5BE8-3F96-AEFE-5ABE138CC75D}.MinSizeRel|x64.ActiveCfg = MinSizeRel|x64
		{72DBD9A4-5BE8-3F96-AEFE-5ABE138CC75D}.MinSizeRel|x64.Build.0 = MinSizeRel|x64
		{72DBD9A4-5BE8-3F96-AEFE-5ABE138CC75D}.RelWithDebInfo|x64.ActiveCfg = RelWithDebInfo|x64
		{72DBD9A4-5BE8-3F96-AEFE-5ABE138CC75D}.RelWithDebInfo|x64.Build.0 = RelWithDebInfo|x64
		{978D3728-3B97-3F9D-83C6-4504ABB37D57}.Debug|x64.ActiveCfg = Debug|x64
		{978D3728-3B97-3F9D-83C6-4504ABB37D57}.Debug|x64.Build.0 = Debug|x64
		{978D3728-3B97-3F9D-83C6-4504ABB37D57}.Release|x64.ActiveCfg = Release|x64
		{978D3728-3B97-3F9D-83C6-4504ABB37D57}.Release|x64.Build.0 = Release|x64
		{978D3728-3B97-3F9D-83C6-4504ABB37D57}.MinSizeRel|x64.ActiveCfg = MinSizeRel|x64
		{978D3728-3B97-3F9D-83C6-4504ABB37D57}.MinSizeRel|x64.Build.0 = MinSizeRel|x64
		{978D3728-3B97-3F9D-83C6-4504ABB37D57}.RelWithDebInfo|x64.ActiveCfg = RelWithDebInfo|x64
		{978D3728-3B97-3F9D-83C6-4504ABB37D57}.RelWithDebInfo|x64.Build.0 = RelWithDebInfo|x64
	EndGlobalSection
	GlobalSection(NestedProjects) = preSolution
		{FE266A3E-BB57-3347-833F-8CB3FFEF21F1} = {4BEBE89F-21CC-3818-A082-303CB4E1A4E3}
		{86870F20-160B-3C25-870A-DE07ABF72D6F} = {4BEBE89F-21CC-3818-A082-303CB4E1A4E3}
		{C3C5AC1E-18C1-332F-ACC1-FC39C1102945} = {4BEBE89F-21CC-3818-A082-303CB4E1A4E3}
		{A30C4714-A8F9-3C62-9924-9AA900BF6C03} = {DB3F48BD-EED5-343E-8F77-872414922CB3}
		{BCE4EFDC-8321-3E8E-848C-0E7D51CD87B0} = {DB3F48BD-EED5-343E-8F77-872414922CB3}
		{C76D3392-C7BD-372B-96D4-4E2B859B963E} = {DB3F48BD-EED5-343E-8F77-872414922CB3}
		{51EB234E-E2DF-38E6-BFE9-5A35BF994CC1} = {DB3F48BD-EED5-343E-8F77-872414922CB3}
		{A201A9E3-F24B-3425-BFFC-F2EF5868E349} = {A30C4714-A8F9-3C62-9924-9AA900BF6C03}
		{586504E5-C674-36D0-823D-ABCBAA94F5C0} = {A30C4714-A8F9-3C62-9924-9AA900BF6C03}
		{9821B610-E05A-3DEB-96B7-36AD8007F361} = {A30C4714-A8F9-3C62-9924-9AA900BF6C03}
		{A16DC5CD-7F93-37AC-8C32-E340AF9E158B} = {A30C4714-A8F9-3C62-9924-9AA900BF6C03}
		{0A2D71AA-49E1-3291-AD32-CC3DBACA6180} = {A30C4714-A8F9-3C62-9924-9AA900BF6C03}
		{386DF48B-B57B-3586-A7EB-E8D6265B0FEB} = {A30C4714-A8F9-3C62-9924-9AA900BF6C03}
		{3C9CF335-FFD1-327F-83A1-0269220E0CC6} = {A30C4714-A8F9-3C62-9924-9AA900BF6C03}
		{5238A355-A997-3F50-9330-FF3710D8304D} = {A30C4714-A8F9-3C62-9924-9AA900BF6C03}
		{72DBD9A4-5BE8-3F96-AEFE-5ABE138CC75D} = {A30C4714-A8F9-3C62-9924-9AA900BF6C03}
		{CC701958-E9BF-39F1-AA89-D4E35B59F90D} = {BCE4EFDC-8321-3E8E-848C-0E7D51CD87B0}
		{289922B1-35F9-32E0-8797-00BE5E6CA5DF} = {BCE4EFDC-8321-3E8E-848C-0E7D51CD87B0}
		{18B0545B-DF1F-3D42-9C3A-FAC129486430} = {BCE4EFDC-8321-3E8E-848C-0E7D51CD87B0}
		{F604C6CC-DB36-3A84-A42D-6D00065C074A} = {BCE4EFDC-8321-3E8E-848C-0E7D51CD87B0}
		{F5CA1D04-520A-3961-9C3F-DD1D40F1C9FE} = {BCE4EFDC-8321-3E8E-848C-0E7D51CD87B0}
		{14920F6A-4441-38F2-886D-0B4CB1C265B2} = {BCE4EFDC-8321-3E8E-848C-0E7D51CD87B0}
		{F674322D-87DA-347B-B597-7B06F54A807A} = {BCE4EFDC-8321-3E8E-848C-0E7D51CD87B0}
		{CA656EC1-8BE7-3FA3-9737-71332811AFA5} = {BCE4EFDC-8321-3E8E-848C-0E7D51CD87B0}
		{C8C70BE3-84FF-330E-8034-43AB1BD86A3B} = {BCE4EFDC-8321-3E8E-848C-0E7D51CD87B0}
		{D7A357F8-00FD-3745-8E05-FAEE57AB9609} = {BCE4EFDC-8321-3E8E-848C-0E7D51CD87B0}
		{253E0905-6B39-3CD2-8779-F0556E1CFD57} = {BCE4EFDC-8321-3E8E-848C-0E7D51CD87B0}
		{984A40FB-8A69-3931-868F-B44271C5FBF6} = {BCE4EFDC-8321-3E8E-848C-0E7D51CD87B0}
		{18D8647E-2041-36A2-872A-9CDD46FE06CB} = {BCE4EFDC-8321-3E8E-848C-0E7D51CD87B0}
		{4B34B27D-D560-3D61-B02C-052DD2C27549} = {BCE4EFDC-8321-3E8E-848C-0E7D51CD87B0}
		{204CB53E-9C61-3621-BB16-CAA4BCED4310} = {BCE4EFDC-8321-3E8E-848C-0E7D51CD87B0}
		{10194C98-1F05-366F-A2CB-D76BDD158A22} = {BCE4EFDC-8321-3E8E-848C-0E7D51CD87B0}
		{40FD459E-9B43-3F68-B78A-E49ABBA69965} = {BCE4EFDC-8321-3E8E-848C-0E7D51CD87B0}
		{2C6FE402-5030-340B-A999-CD5D7D422404} = {BCE4EFDC-8321-3E8E-848C-0E7D51CD87B0}
		{2DDE1D85-52EF-388A-8984-95A292248525} = {BCE4EFDC-8321-3E8E-848C-0E7D51CD87B0}
		{978D3728-3B97-3F9D-83C6-4504ABB37D57} = {BCE4EFDC-8321-3E8E-848C-0E7D51CD87B0}
	EndGlobalSection
	GlobalSection(ExtensibilityGlobals) = postSolution
		SolutionGuid = {991341BC-C36C-3EB3-B97F-2272C16A789C}
	EndGlobalSection
	GlobalSection(ExtensibilityAddIns) = postSolution
	EndGlobalSection
EndGlobal
